<?xml version="1.0" encoding="utf-8"?>
<Project ToolsVersion="4.0" xmlns="http://schemas.microsoft.com/developer/msbuild/2003">
  <ItemGroup>
    <Filter Include="소스 파일">
      <UniqueIdentifier>{4FC737F1-C7A5-4376-A066-2A32D752A2FF}</UniqueIdentifier>
      <Extensions>cpp;c;cc;cxx;c++;cppm;ixx;def;odl;idl;hpj;bat;asm;asmx</Extensions>
    </Filter>
    <Filter Include="헤더 파일">
      <UniqueIdentifier>{93995380-89BD-4b04-88EB-625FBE52EBFB}</UniqueIdentifier>
      <Extensions>h;hh;hpp;hxx;h++;hm;inl;inc;ipp;xsd</Extensions>
    </Filter>
    <Filter Include="리소스 파일">
      <UniqueIdentifier>{67DA6AB6-F800-4c08-8B7A-83BB121AAD01}</UniqueIdentifier>
      <Extensions>rc;ico;cur;bmp;dlg;rc2;rct;bin;rgs;gif;jpg;jpeg;jpe;resx;tiff;tif;png;wav;mfcribbon-ms</Extensions>
    </Filter>
    <Filter Include="World">
      <UniqueIdentifier>{122449de-eeba-43a7-b526-69f6bd076d59}</UniqueIdentifier>
    </Filter>
    <Filter Include="GameObject">
      <UniqueIdentifier>{66c250c7-396b-4135-b7fe-5b01147e0f78}</UniqueIdentifier>
    </Filter>
    <Filter Include="GameObject\Block">
      <UniqueIdentifier>{548fbfdd-0d64-4c13-bae6-9333558ae9a6}</UniqueIdentifier>
    </Filter>
    <Filter Include="GameObject\Animal">
      <UniqueIdentifier>{15b365cc-900a-49f8-99c5-1faa7531f0fd}</UniqueIdentifier>
    </Filter>
    <Filter Include="RobotParts">
      <UniqueIdentifier>{d7fcbb04-bab5-4a7c-ad05-86eec8ec8420}</UniqueIdentifier>
    </Filter>
    <Filter Include="GameObject\Block\Base">
      <UniqueIdentifier>{ce562d65-b383-476f-9c94-e008d2923941}</UniqueIdentifier>
    </Filter>
    <Filter Include="GameObject\Block\BirchTrunk">
      <UniqueIdentifier>{4912f5a7-b52d-4415-afc0-fea04e608108}</UniqueIdentifier>
    </Filter>
    <Filter Include="GameObject\Block\Cloud">
      <UniqueIdentifier>{6d19480b-afce-4a9c-9cf0-1d34045b8ad1}</UniqueIdentifier>
    </Filter>
    <Filter Include="GameObject\Block\Fragments">
      <UniqueIdentifier>{88b5c1eb-d8d5-4868-8c40-f1d8891d03ec}</UniqueIdentifier>
    </Filter>
    <Filter Include="GameObject\Block\Grass">
      <UniqueIdentifier>{d6f26bc3-119b-4cef-9704-42b4fc44b948}</UniqueIdentifier>
    </Filter>
    <Filter Include="GameObject\Block\Leaves">
      <UniqueIdentifier>{0ff3f9e6-699c-429b-9681-2723c63a4794}</UniqueIdentifier>
    </Filter>
    <Filter Include="GameObject\Block\Rice">
      <UniqueIdentifier>{c410e659-5a1e-422f-abc7-c70978874939}</UniqueIdentifier>
    </Filter>
    <Filter Include="GameObject\Block\Tree">
      <UniqueIdentifier>{26c12399-7115-4fbe-a2ca-ac5d5b20c8fb}</UniqueIdentifier>
    </Filter>
    <Filter Include="GameObject\Block\TreeTrunk">
      <UniqueIdentifier>{be3daab4-7d30-49eb-a4d9-f69db4699244}</UniqueIdentifier>
    </Filter>
    <Filter Include="GameObject\Block\Wool">
      <UniqueIdentifier>{a6871ddc-731b-403c-ad59-8bccdac1dbc6}</UniqueIdentifier>
    </Filter>
    <Filter Include="RobotParts\Arm">
      <UniqueIdentifier>{fad00db9-3f8c-4d0c-80bc-36ececedc500}</UniqueIdentifier>
    </Filter>
    <Filter Include="RobotParts\Body">
      <UniqueIdentifier>{d18b09fb-cd32-404e-aae5-42061458481e}</UniqueIdentifier>
    </Filter>
    <Filter Include="RobotParts\Head">
      <UniqueIdentifier>{f5a7bc3e-7ae9-4471-99c1-3d41340f9eb9}</UniqueIdentifier>
    </Filter>
    <Filter Include="RobotParts\Nose">
      <UniqueIdentifier>{2aac3038-07d2-4eaf-8ae2-030f3b373ed8}</UniqueIdentifier>
    </Filter>
    <Filter Include="GameObject\Player">
      <UniqueIdentifier>{f4458d63-731e-4c9a-95e2-3b6ba40d0307}</UniqueIdentifier>
    </Filter>
    <Filter Include="RobotParts\Leg">
      <UniqueIdentifier>{b2e9dcb5-1fca-4cd0-9105-271dae7900e2}</UniqueIdentifier>
    </Filter>
    <Filter Include="RobotParts\Weapon">
      <UniqueIdentifier>{12a5890b-d704-4691-87ea-086be4f5b30a}</UniqueIdentifier>
    </Filter>
    <Filter Include="GameObject\Animal\Chicken">
      <UniqueIdentifier>{a3340364-3a80-4d60-943c-bc7f8169f97e}</UniqueIdentifier>
    </Filter>
    <Filter Include="GameObject\Animal\Cow">
      <UniqueIdentifier>{c43746d2-2496-4a79-981a-ce688a639d58}</UniqueIdentifier>
    </Filter>
    <Filter Include="GameObject\Animal\Pig">
      <UniqueIdentifier>{3ecf556c-e555-4885-a8f9-d737211c33a6}</UniqueIdentifier>
    </Filter>
    <Filter Include="GameObject\Animal\Sheep">
      <UniqueIdentifier>{ab6de8f2-915e-42b9-85ec-e1f1dc6309a9}</UniqueIdentifier>
    </Filter>
    <Filter Include="AnimalParts">
      <UniqueIdentifier>{5277cf9e-f9b5-41ef-b8fe-64323165adc8}</UniqueIdentifier>
    </Filter>
    <Filter Include="AnimalParts\Head">
      <UniqueIdentifier>{aa40315f-3b63-4d7c-8a7b-21a3aa008550}</UniqueIdentifier>
    </Filter>
    <Filter Include="AnimalParts\Leg">
      <UniqueIdentifier>{e823e69a-88f6-4d77-b952-55cf698ba3fb}</UniqueIdentifier>
    </Filter>
    <Filter Include="AnimalParts\Body">
      <UniqueIdentifier>{bbbbe034-ac0c-4a0d-b9a1-818685ee44a9}</UniqueIdentifier>
    </Filter>
    <Filter Include="AnimalParts\ChickenParts">
      <UniqueIdentifier>{b2bc730e-2a7e-44de-a33f-03d55d878988}</UniqueIdentifier>
    </Filter>
    <Filter Include="Sound">
      <UniqueIdentifier>{9d352091-7721-48b9-bbd5-4e5847e5b607}</UniqueIdentifier>
    </Filter>
  </ItemGroup>
  <ItemGroup>
    <ClCompile Include="DreamCraft.cpp">
      <Filter>소스 파일</Filter>
    </ClCompile>
    <ClCompile Include="CAnimal.cpp">
      <Filter>GameObject\Animal</Filter>
    </ClCompile>
    <ClCompile Include="CBlock.cpp">
      <Filter>GameObject\Block</Filter>
    </ClCompile>
    <ClCompile Include="CBase.cpp">
      <Filter>GameObject\Block\Base</Filter>
    </ClCompile>
    <ClCompile Include="CBirchTrunk.cpp">
      <Filter>GameObject\Block\BirchTrunk</Filter>
    </ClCompile>
    <ClCompile Include="CCloud.cpp">
      <Filter>GameObject\Block\Cloud</Filter>
    </ClCompile>
    <ClCompile Include="CFragments.cpp">
      <Filter>GameObject\Block\Fragments</Filter>
    </ClCompile>
    <ClCompile Include="CGrass.cpp">
      <Filter>GameObject\Block\Grass</Filter>
    </ClCompile>
    <ClCompile Include="CLeaves.cpp">
      <Filter>GameObject\Block\Leaves</Filter>
    </ClCompile>
    <ClCompile Include="CRice.cpp">
      <Filter>GameObject\Block\Rice</Filter>
    </ClCompile>
    <ClCompile Include="CTree.cpp">
      <Filter>GameObject\Block\Tree</Filter>
    </ClCompile>
    <ClCompile Include="CTreeTrunk.cpp">
      <Filter>GameObject\Block\TreeTrunk</Filter>
    </ClCompile>
    <ClCompile Include="CWool.cpp">
      <Filter>GameObject\Block\Wool</Filter>
    </ClCompile>
    <ClCompile Include="CGameObject.cpp">
      <Filter>GameObject</Filter>
    </ClCompile>
    <ClCompile Include="Arm.cpp">
      <Filter>RobotParts\Arm</Filter>
    </ClCompile>
    <ClCompile Include="Body.cpp">
      <Filter>RobotParts\Body</Filter>
    </ClCompile>
    <ClCompile Include="Head.cpp">
      <Filter>RobotParts\Head</Filter>
    </ClCompile>
    <ClCompile Include="Leg.cpp">
      <Filter>RobotParts\Leg</Filter>
    </ClCompile>
    <ClCompile Include="Nose.cpp">
      <Filter>RobotParts\Nose</Filter>
    </ClCompile>
    <ClCompile Include="RobotParts.cpp">
      <Filter>RobotParts</Filter>
    </ClCompile>
    <ClCompile Include="CWorld.cpp">
      <Filter>World</Filter>
    </ClCompile>
    <ClCompile Include="CPlayer.cpp">
      <Filter>GameObject\Player</Filter>
    </ClCompile>
    <ClCompile Include="Weapon.cpp">
      <Filter>RobotParts\Weapon</Filter>
    </ClCompile>
    <ClCompile Include="CChicken.cpp">
      <Filter>GameObject\Animal\Chicken</Filter>
    </ClCompile>
    <ClCompile Include="CCow.cpp">
      <Filter>GameObject\Animal\Cow</Filter>
    </ClCompile>
    <ClCompile Include="CPig.cpp">
      <Filter>GameObject\Animal\Pig</Filter>
    </ClCompile>
    <ClCompile Include="CSheep.cpp">
      <Filter>GameObject\Animal\Sheep</Filter>
    </ClCompile>
    <ClCompile Include="CAnimalParts.cpp">
      <Filter>AnimalParts</Filter>
    </ClCompile>
    <ClCompile Include="AnimalLeg.cpp">
      <Filter>AnimalParts\Leg</Filter>
    </ClCompile>
    <ClCompile Include="AnimalBody.cpp">
      <Filter>AnimalParts\Body</Filter>
    </ClCompile>
    <ClCompile Include="AnimalHead.cpp">
      <Filter>AnimalParts\Head</Filter>
    </ClCompile>
    <ClCompile Include="CChickenBody.cpp">
      <Filter>AnimalParts\ChickenParts</Filter>
    </ClCompile>
    <ClCompile Include="CChickenHead.cpp">
      <Filter>AnimalParts\ChickenParts</Filter>
    </ClCompile>
    <ClCompile Include="CChickenLeg.cpp">
      <Filter>AnimalParts\ChickenParts</Filter>
    </ClCompile>
    <ClCompile Include="CSound.cpp">
      <Filter>Sound</Filter>
    </ClCompile>
  </ItemGroup>
  <ItemGroup>
    <ClInclude Include="CAnimal.h">
      <Filter>GameObject\Animal</Filter>
    </ClInclude>
    <ClInclude Include="CBlock.h">
      <Filter>GameObject\Block</Filter>
    </ClInclude>
    <ClInclude Include="CBase.h">
      <Filter>GameObject\Block\Base</Filter>
    </ClInclude>
    <ClInclude Include="CBirchTrunk.h">
      <Filter>GameObject\Block\BirchTrunk</Filter>
    </ClInclude>
    <ClInclude Include="CCloud.h">
      <Filter>GameObject\Block\Cloud</Filter>
    </ClInclude>
    <ClInclude Include="CFragments.h">
      <Filter>GameObject\Block\Fragments</Filter>
    </ClInclude>
    <ClInclude Include="CGrass.h">
      <Filter>GameObject\Block\Grass</Filter>
    </ClInclude>
    <ClInclude Include="CLeaves.h">
      <Filter>GameObject\Block\Leaves</Filter>
    </ClInclude>
    <ClInclude Include="CRice.h">
      <Filter>GameObject\Block\Rice</Filter>
    </ClInclude>
    <ClInclude Include="CTree.h">
      <Filter>GameObject\Block\Tree</Filter>
    </ClInclude>
    <ClInclude Include="CTreeTrunk.h">
      <Filter>GameObject\Block\TreeTrunk</Filter>
    </ClInclude>
    <ClInclude Include="CWool.h">
      <Filter>GameObject\Block\Wool</Filter>
    </ClInclude>
    <ClInclude Include="CGameObject.h">
      <Filter>GameObject</Filter>
    </ClInclude>
    <ClInclude Include="Arm.h">
      <Filter>RobotParts\Arm</Filter>
    </ClInclude>
    <ClInclude Include="Body.h">
      <Filter>RobotParts\Body</Filter>
    </ClInclude>
    <ClInclude Include="Head.h">
      <Filter>RobotParts\Head</Filter>
    </ClInclude>
    <ClInclude Include="Leg.h">
      <Filter>RobotParts\Leg</Filter>
    </ClInclude>
    <ClInclude Include="Nose.h">
      <Filter>RobotParts\Nose</Filter>
    </ClInclude>
    <ClInclude Include="RobotParts.h">
      <Filter>RobotParts</Filter>
    </ClInclude>
    <ClInclude Include="CWorld.h">
      <Filter>World</Filter>
    </ClInclude>
    <ClInclude Include="CPlayer.h">
      <Filter>GameObject\Player</Filter>
    </ClInclude>
    <ClInclude Include="Header.h">
      <Filter>헤더 파일</Filter>
    </ClInclude>
    <ClInclude Include="stb_image.h">
      <Filter>헤더 파일</Filter>
    </ClInclude>
    <ClInclude Include="Weapon.h">
      <Filter>RobotParts\Weapon</Filter>
    </ClInclude>
    <ClInclude Include="CChicken.h">
      <Filter>GameObject\Animal\Chicken</Filter>
    </ClInclude>
    <ClInclude Include="CCow.h">
      <Filter>GameObject\Animal\Cow</Filter>
    </ClInclude>
    <ClInclude Include="CPig.h">
      <Filter>GameObject\Animal\Pig</Filter>
    </ClInclude>
    <ClInclude Include="CSheep.h">
      <Filter>GameObject\Animal\Sheep</Filter>
    </ClInclude>
    <ClInclude Include="CAnimalParts.h">
      <Filter>AnimalParts</Filter>
    </ClInclude>
    <ClInclude Include="AnimalLeg.h">
      <Filter>AnimalParts\Leg</Filter>
    </ClInclude>
    <ClInclude Include="AnimalBody.h">
      <Filter>AnimalParts\Body</Filter>
    </ClInclude>
    <ClInclude Include="AnimalHead.h">
      <Filter>AnimalParts\Head</Filter>
    </ClInclude>
    <ClInclude Include="CChickenBody.h">
      <Filter>AnimalParts\ChickenParts</Filter>
    </ClInclude>
    <ClInclude Include="CChickenHead.h">
      <Filter>AnimalParts\ChickenParts</Filter>
    </ClInclude>
    <ClInclude Include="CChickenLeg.h">
      <Filter>AnimalParts\ChickenParts</Filter>
    </ClInclude>
    <ClInclude Include="CSound.h">
      <Filter>Sound</Filter>
    </ClInclude>
  </ItemGroup>
  <ItemGroup>
    <None Include="fragment.glsl">
      <Filter>리소스 파일</Filter>
    </None>
    <None Include="vertex.glsl">
      <Filter>리소스 파일</Filter>
    </None>
  </ItemGroup>
</Project>