<?xml version="1.0" encoding="utf-8"?>
<Project ToolsVersion="4.0" xmlns="http://schemas.microsoft.com/developer/msbuild/2003">
  <ItemGroup>
    <Filter Include="소스 파일">
      <UniqueIdentifier>{4FC737F1-C7A5-4376-A066-2A32D752A2FF}</UniqueIdentifier>
      <Extensions>cpp;c;cc;cxx;c++;cppm;ixx;def;odl;idl;hpj;bat;asm;asmx</Extensions>
    </Filter>
    <Filter Include="헤더 파일">
      <UniqueIdentifier>{93995380-89BD-4b04-88EB-625FBE52EBFB}</UniqueIdentifier>
      <Extensions>h;hh;hpp;hxx;h++;hm;inl;inc;ipp;xsd</Extensions>
    </Filter>
    <Filter Include="리소스 파일">
      <UniqueIdentifier>{67DA6AB6-F800-4c08-8B7A-83BB121AAD01}</UniqueIdentifier>
      <Extensions>rc;ico;cur;bmp;dlg;rc2;rct;bin;rgs;gif;jpg;jpeg;jpe;resx;tiff;tif;png;wav;mfcribbon-ms</Extensions>
    </Filter>
    <Filter Include="World">
      <UniqueIdentifier>{c926d563-51fe-4a14-94ae-b3640fde5a3d}</UniqueIdentifier>
    </Filter>
    <Filter Include="GameObject">
      <UniqueIdentifier>{210014e2-a7b5-4468-8a6f-469f94b0a807}</UniqueIdentifier>
    </Filter>
    <Filter Include="GameObject\Block">
      <UniqueIdentifier>{fe5fc2d6-9889-48de-92b6-180031278680}</UniqueIdentifier>
    </Filter>
    <Filter Include="GameObject\Player">
      <UniqueIdentifier>{34a6a604-4f6c-47de-a545-69b38497411d}</UniqueIdentifier>
    </Filter>
    <Filter Include="GameObject\Block\Base">
      <UniqueIdentifier>{47f1c92b-aede-4867-a83b-b8af7c9d9c4d}</UniqueIdentifier>
    </Filter>
    <Filter Include="GameObject\Animal">
      <UniqueIdentifier>{da44e1eb-63ca-48fe-9182-8f044f33237c}</UniqueIdentifier>
    </Filter>
    <Filter Include="GameObject\Animal\Cow">
      <UniqueIdentifier>{ba0fb90b-53a1-4d08-8520-dff1bb444887}</UniqueIdentifier>
    </Filter>
    <Filter Include="RobotParts">
      <UniqueIdentifier>{1a54fd21-be3b-49b6-996b-4646440ba926}</UniqueIdentifier>
    </Filter>
    <Filter Include="RobotParts\Arm">
      <UniqueIdentifier>{96a50e07-8763-4832-9c46-9a883a914f9f}</UniqueIdentifier>
    </Filter>
    <Filter Include="RobotParts\Body">
      <UniqueIdentifier>{3fce438a-853d-4041-a0b7-4e059e754662}</UniqueIdentifier>
    </Filter>
    <Filter Include="RobotParts\Head">
      <UniqueIdentifier>{17929603-9012-4500-8462-356f99035aa9}</UniqueIdentifier>
    </Filter>
    <Filter Include="RobotParts\Leg">
      <UniqueIdentifier>{133feefd-66c5-4fab-81d0-884f2a3b6e42}</UniqueIdentifier>
    </Filter>
    <Filter Include="RobotParts\Nose">
      <UniqueIdentifier>{03aad9ff-bc62-4066-aadf-328ce211d5cb}</UniqueIdentifier>
    </Filter>
    <Filter Include="RobotParts\Weapon">
      <UniqueIdentifier>{7046fe4b-d11e-44ae-aad6-3ec8d5eef3de}</UniqueIdentifier>
    </Filter>
    <Filter Include="GameObject\Animal\Pig">
      <UniqueIdentifier>{f32524e0-332b-44cf-9e5a-ab6f8025f0cf}</UniqueIdentifier>
    </Filter>
    <Filter Include="GameObject\Animal\Sheep">
      <UniqueIdentifier>{49d19146-0fdb-471e-abc7-d4359a81a4b3}</UniqueIdentifier>
    </Filter>
    <Filter Include="GameObject\Animal\Chicken">
      <UniqueIdentifier>{a4c456ff-a1b7-404d-8a82-a87ad0f97219}</UniqueIdentifier>
    </Filter>
    <Filter Include="GameObject\Block\Grass">
      <UniqueIdentifier>{7256a908-6eab-448c-9d3c-ae35febf9d2b}</UniqueIdentifier>
    </Filter>
    <Filter Include="GameObject\Block\leaves">
      <UniqueIdentifier>{32dd14f0-4b72-40e4-8599-ea0cd6b47b79}</UniqueIdentifier>
    </Filter>
    <Filter Include="GameObject\Block\TreeTrunk">
      <UniqueIdentifier>{929338bf-ae82-48c2-bf0f-a8978f711a4b}</UniqueIdentifier>
    </Filter>
    <Filter Include="GameObject\Animal\SheepNOTUL">
      <UniqueIdentifier>{92e48071-f01a-462d-8ae3-daf4b1396acb}</UniqueIdentifier>
    </Filter>
    <Filter Include="GameObject\Block\Rice">
      <UniqueIdentifier>{68474742-9ab6-423c-951d-9bd5d79cabe5}</UniqueIdentifier>
    </Filter>
    <Filter Include="GameObject\Block\Wool">
      <UniqueIdentifier>{7e6e82c8-0708-4e7a-8748-c1a0ec943936}</UniqueIdentifier>
    </Filter>
    <Filter Include="GameObject\Block\Fragments">
      <UniqueIdentifier>{4e253963-f8ff-494e-a9da-995410d0325e}</UniqueIdentifier>
    </Filter>
    <Filter Include="GameObject\Block\Tree">
      <UniqueIdentifier>{3e915bac-f23a-4d88-84ef-26e5d739f660}</UniqueIdentifier>
    <Filter Include="GameObject\Block\BirchTrunk">
      <UniqueIdentifier>{f1b5735d-5b48-4c61-bf25-acadd42edfc0}</UniqueIdentifier>
    </Filter>
    <Filter Include="GameObject\Block\Cloud">
      <UniqueIdentifier>{40bede83-9353-4cb8-a2a2-c28c897d4eed}</UniqueIdentifier>
    </Filter>
  </ItemGroup>
  <ItemGroup>
    <ClCompile Include="DreamCraft.cpp">
      <Filter>소스 파일</Filter>
    </ClCompile>
    <ClCompile Include="CBase.cpp">
      <Filter>GameObject\Block\Base</Filter>
    </ClCompile>
    <ClCompile Include="CPlayer.cpp">
      <Filter>GameObject\Player</Filter>
    </ClCompile>
    <ClCompile Include="CGameObject.cpp">
      <Filter>GameObject</Filter>
    </ClCompile>
    <ClCompile Include="CBlock.cpp">
      <Filter>GameObject\Block</Filter>
    </ClCompile>
    <ClCompile Include="CAnimal.cpp">
      <Filter>GameObject\Animal</Filter>
    </ClCompile>
    <ClCompile Include="CCow.cpp">
      <Filter>GameObject\Animal\Cow</Filter>
    </ClCompile>
    <ClCompile Include="Arm.cpp">
      <Filter>RobotParts\Arm</Filter>
    </ClCompile>
    <ClCompile Include="Body.cpp">
      <Filter>RobotParts\Body</Filter>
    </ClCompile>
    <ClCompile Include="Head.cpp">
      <Filter>RobotParts\Head</Filter>
    </ClCompile>
    <ClCompile Include="Leg.cpp">
      <Filter>RobotParts\Leg</Filter>
    </ClCompile>
    <ClCompile Include="Nose.cpp">
      <Filter>RobotParts\Nose</Filter>
    </ClCompile>
    <ClCompile Include="RobotParts.cpp">
      <Filter>RobotParts</Filter>
    </ClCompile>
    <ClCompile Include="Weapon.cpp">
      <Filter>RobotParts\Weapon</Filter>
    </ClCompile>
    <ClCompile Include="CChicken.cpp">
      <Filter>GameObject\Animal\Chicken</Filter>
    </ClCompile>
    <ClCompile Include="CPig.cpp">
      <Filter>GameObject\Animal\Pig</Filter>
    </ClCompile>
    <ClCompile Include="CSheep.cpp">
      <Filter>GameObject\Animal\Sheep</Filter>
    </ClCompile>
    <ClCompile Include="CGrass.cpp">
      <Filter>GameObject\Block\Grass</Filter>
    </ClCompile>
    <ClCompile Include="CLeaves.cpp">
      <Filter>GameObject\Block\leaves</Filter>
    </ClCompile>
    <ClCompile Include="CTreeTrunk.cpp">
      <Filter>GameObject\Block\TreeTrunk</Filter>
    </ClCompile>
    <ClCompile Include="CTree.cpp">
      <Filter>GameObject\Block\Tree</Filter>
    </ClCompile>
    <ClCompile Include="CSheepNOTUL.cpp">
      <Filter>GameObject\Animal\SheepNOTUL</Filter>
    </ClCompile>
    <ClCompile Include="CWorld.cpp">
      <Filter>World</Filter>
    </ClCompile>
    <ClCompile Include="CRice.cpp">
      <Filter>GameObject\Block\Rice</Filter>
    </ClCompile>
    <ClCompile Include="CWool.cpp">
      <Filter>GameObject\Block\Wool</Filter>
    </ClCompile>
    <ClCompile Include="CFragments.cpp">
      <Filter>GameObject\Block\Fragments</Filter>
    </ClCompile>
    <ClCompile Include="CBirchTrunk.cpp">
      <Filter>GameObject\Block\BirchTrunk</Filter>
    </ClCompile>
    <ClCompile Include="CCloud.cpp">
      <Filter>GameObject\Block\Cloud</Filter>
    </ClCompile>
  </ItemGroup>
  <ItemGroup>
    <ClInclude Include="CWorld.h">
      <Filter>World</Filter>
    </ClInclude>
    <ClInclude Include="CBase.h">
      <Filter>GameObject\Block\Base</Filter>
    </ClInclude>
    <ClInclude Include="CBlock.h">
      <Filter>GameObject\Block</Filter>
    </ClInclude>
    <ClInclude Include="CPlayer.h">
      <Filter>GameObject\Player</Filter>
    </ClInclude>
    <ClInclude Include="CGameObject.h">
      <Filter>GameObject</Filter>
    </ClInclude>
    <ClInclude Include="CAnimal.h">
      <Filter>GameObject\Animal</Filter>
    </ClInclude>
    <ClInclude Include="CCow.h">
      <Filter>GameObject\Animal\Cow</Filter>
    </ClInclude>
    <ClInclude Include="Arm.h">
      <Filter>RobotParts\Arm</Filter>
    </ClInclude>
    <ClInclude Include="Body.h">
      <Filter>RobotParts\Body</Filter>
    </ClInclude>
    <ClInclude Include="Head.h">
      <Filter>RobotParts\Head</Filter>
    </ClInclude>
    <ClInclude Include="Leg.h">
      <Filter>RobotParts\Leg</Filter>
    </ClInclude>
    <ClInclude Include="Nose.h">
      <Filter>RobotParts\Nose</Filter>
    </ClInclude>
    <ClInclude Include="RobotParts.h">
      <Filter>RobotParts</Filter>
    </ClInclude>
    <ClInclude Include="Weapon.h">
      <Filter>RobotParts\Weapon</Filter>
    </ClInclude>
    <ClInclude Include="Header.h">
      <Filter>헤더 파일</Filter>
    </ClInclude>
    <ClInclude Include="CChicken.h">
      <Filter>GameObject\Animal\Chicken</Filter>
    </ClInclude>
    <ClInclude Include="CPig.h">
      <Filter>GameObject\Animal\Pig</Filter>
    </ClInclude>
    <ClInclude Include="CSheep.h">
      <Filter>GameObject\Animal\Sheep</Filter>
    </ClInclude>
    <ClInclude Include="stb_image.h">
      <Filter>헤더 파일</Filter>
    </ClInclude>
    <ClInclude Include="CGrass.h">
      <Filter>GameObject\Block\Grass</Filter>
    </ClInclude>
    <ClInclude Include="CLeaves.h">
      <Filter>GameObject\Block\leaves</Filter>
    </ClInclude>
    <ClInclude Include="CTreeTrunk.h">
      <Filter>GameObject\Block\TreeTrunk</Filter>
    </ClInclude>
    <ClInclude Include="CTree.h">
      <Filter>GameObject\Block\Tree</Filter>
    </ClInclude>
    <ClInclude Include="CSheepNOTUL.h">
      <Filter>GameObject\Animal\SheepNOTUL</Filter>
    </ClInclude>
    <ClInclude Include="CRice.h">
      <Filter>GameObject\Block\Rice</Filter>
    </ClInclude>
    <ClInclude Include="CWool.h">
      <Filter>GameObject\Block\Wool</Filter>
    </ClInclude>
    <ClInclude Include="CFragments.h">
      <Filter>GameObject\Block\Fragments</Filter>
    </ClInclude>
    <ClInclude Include="CBirchTrunk.h">
      <Filter>GameObject\Block\BirchTrunk</Filter>
    </ClInclude>
    <ClInclude Include="CCloud.h">
      <Filter>GameObject\Block\Cloud</Filter>
    </ClInclude>
  </ItemGroup>
  <ItemGroup>
    <None Include="fragment.glsl">
      <Filter>리소스 파일</Filter>
    </None>
    <None Include="vertex.glsl">
      <Filter>리소스 파일</Filter>
    </None>
  </ItemGroup>
</Project>